
Microsoft Visual Studio Solution File, Format Version 12.00
# Visual Studio Version 17
VisualStudioVersion = 17.14.36623.8 d17.14
MinimumVisualStudioVersion = 10.0.40219.1
Project("{FAE04EC0-301F-11D3-BF4B-00C04F79EFBC}") = "TaskManagement.API", "TaskManagement.API\TaskManagement.API.csproj", "{11CA7BA9-E027-4364-B143-CFD451CB7997}"
EndProject
Project("{FAE04EC0-301F-11D3-BF4B-00C04F79EFBC}") = "TaskManagement.Application", "TaskManagement.Application\TaskManagement.Application.csproj", "{65D4A8A9-CE3C-492F-9880-F20D45163A73}"
EndProject
Project("{FAE04EC0-301F-11D3-BF4B-00C04F79EFBC}") = "TaskManagement.Domain", "TaskManagement.Domain\TaskManagement.Domain.csproj", "{0D5A460B-7A54-4366-B54B-4B20F723AE7D}"
EndProject
Project("{FAE04EC0-301F-11D3-BF4B-00C04F79EFBC}") = "TaskManagement.Infrastructure", "TaskManagement.Infrastructure\TaskManagement.Infrastructure.csproj", "{5643C65C-301C-46D8-A4AD-C9C148EF5A11}"
EndProject
Project("{FAE04EC0-301F-11D3-BF4B-00C04F79EFBC}") = "TaskManagement.Tests", "TaskManagement.Tests\TaskManagement.Tests.csproj", "{4BE7681E-34BD-4921-867E-9E3D21BDE843}"
EndProject
Global
	GlobalSection(SolutionConfigurationPlatforms) = preSolution
		Debug|Any CPU = Debug|Any CPU
		Release|Any CPU = Release|Any CPU
	EndGlobalSection
	GlobalSection(ProjectConfigurationPlatforms) = postSolution
		{11CA7BA9-E027-4364-B143-CFD451CB7997}.Debug|Any CPU.ActiveCfg = Debug|Any CPU
		{11CA7BA9-E027-4364-B143-CFD451CB7997}.Debug|Any CPU.Build.0 = Debug|Any CPU
		{11CA7BA9-E027-4364-B143-CFD451CB7997}.Release|Any CPU.ActiveCfg = Release|Any CPU
		{11CA7BA9-E027-4364-B143-CFD451CB7997}.Release|Any CPU.Build.0 = Release|Any CPU
		{65D4A8A9-CE3C-492F-9880-F20D45163A73}.Debug|Any CPU.ActiveCfg = Debug|Any CPU
		{65D4A8A9-CE3C-492F-9880-F20D45163A73}.Debug|Any CPU.Build.0 = Debug|Any CPU
		{65D4A8A9-CE3C-492F-9880-F20D45163A73}.Release|Any CPU.ActiveCfg = Release|Any CPU
		{65D4A8A9-CE3C-492F-9880-F20D45163A73}.Release|Any CPU.Build.0 = Release|Any CPU
		{0D5A460B-7A54-4366-B54B-4B20F723AE7D}.Debug|Any CPU.ActiveCfg = Debug|Any CPU
		{0D5A460B-7A54-4366-B54B-4B20F723AE7D}.Debug|Any CPU.Build.0 = Debug|Any CPU
		{0D5A460B-7A54-4366-B54B-4B20F723AE7D}.Release|Any CPU.ActiveCfg = Release|Any CPU
		{0D5A460B-7A54-4366-B54B-4B20F723AE7D}.Release|Any CPU.Build.0 = Release|Any CPU
		{5643C65C-301C-46D8-A4AD-C9C148EF5A11}.Debug|Any CPU.ActiveCfg = Debug|Any CPU
		{5643C65C-301C-46D8-A4AD-C9C148EF5A11}.Debug|Any CPU.Build.0 = Debug|Any CPU
		{5643C65C-301C-46D8-A4AD-C9C148EF5A11}.Release|Any CPU.ActiveCfg = Release|Any CPU
		{5643C65C-301C-46D8-A4AD-C9C148EF5A11}.Release|Any CPU.Build.0 = Release|Any CPU
		{4BE7681E-34BD-4921-867E-9E3D21BDE843}.Debug|Any CPU.ActiveCfg = Debug|Any CPU
		{4BE7681E-34BD-4921-867E-9E3D21BDE843}.Debug|Any CPU.Build.0 = Debug|Any CPU
		{4BE7681E-34BD-4921-867E-9E3D21BDE843}.Release|Any CPU.ActiveCfg = Release|Any CPU
		{4BE7681E-34BD-4921-867E-9E3D21BDE843}.Release|Any CPU.Build.0 = Release|Any CPU
	EndGlobalSection
	GlobalSection(SolutionProperties) = preSolution
		HideSolutionNode = FALSE
	EndGlobalSection
	GlobalSection(ExtensibilityGlobals) = postSolution
		SolutionGuid = {4AD32C04-ED8F-45E4-9568-DEF7E7FA60B0}
	EndGlobalSection
EndGlobal
